// !$*UTF8*$!
{
	archiveVersion = 1;
	classes = {
	};
	objectVersion = 56;
	objects = {

/* Begin PBXBuildFile section */
		E2C8E64F2A5C080A00294168 /* TodayDetailView.swift in Sources */ = {isa = PBXBuildFile; fileRef = E2C8E64E2A5C080A00294168 /* TodayDetailView.swift */; };
		E2E43ACA2A4E39A0006ECCF6 /* AppStoreCloneApp.swift in Sources */ = {isa = PBXBuildFile; fileRef = E2E43AC92A4E39A0006ECCF6 /* AppStoreCloneApp.swift */; };
		E2E43ACC2A4E39A0006ECCF6 /* HelloWorldView.swift in Sources */ = {isa = PBXBuildFile; fileRef = E2E43ACB2A4E39A0006ECCF6 /* HelloWorldView.swift */; };
		E2E43ACE2A4E39A1006ECCF6 /* Assets.xcassets in Resources */ = {isa = PBXBuildFile; fileRef = E2E43ACD2A4E39A1006ECCF6 /* Assets.xcassets */; };
		E2E43AD12A4E39A1006ECCF6 /* Preview Assets.xcassets in Resources */ = {isa = PBXBuildFile; fileRef = E2E43AD02A4E39A1006ECCF6 /* Preview Assets.xcassets */; };
		E2E43ADA2A4E3DAE006ECCF6 /* MainScreen.swift in Sources */ = {isa = PBXBuildFile; fileRef = E2E43AD92A4E3DAE006ECCF6 /* MainScreen.swift */; };
		E2E43ADC2A4E4455006ECCF6 /* TodayListAppsItemView.swift in Sources */ = {isa = PBXBuildFile; fileRef = E2E43ADB2A4E4455006ECCF6 /* TodayListAppsItemView.swift */; };
		E2E43ADE2A4E5087006ECCF6 /* TodayListImageitemView.swift in Sources */ = {isa = PBXBuildFile; fileRef = E2E43ADD2A4E5087006ECCF6 /* TodayListImageitemView.swift */; };
		E2E43AE02A4E5AE4006ECCF6 /* TodayHeaderView.swift in Sources */ = {isa = PBXBuildFile; fileRef = E2E43ADF2A4E5AE4006ECCF6 /* TodayHeaderView.swift */; };
/* End PBXBuildFile section */

/* Begin PBXFileReference section */
		E2C8E64E2A5C080A00294168 /* TodayDetailView.swift */ = {isa = PBXFileReference; lastKnownFileType = sourcecode.swift; path = TodayDetailView.swift; sourceTree = "<group>"; };
		E2E43AC62A4E39A0006ECCF6 /* AppStoreClone.app */ = {isa = PBXFileReference; explicitFileType = wrapper.application; includeInIndex = 0; path = AppStoreClone.app; sourceTree = BUILT_PRODUCTS_DIR; };
		E2E43AC92A4E39A0006ECCF6 /* AppStoreCloneApp.swift */ = {isa = PBXFileReference; lastKnownFileType = sourcecode.swift; path = AppStoreCloneApp.swift; sourceTree = "<group>"; };
		E2E43ACB2A4E39A0006ECCF6 /* HelloWorldView.swift */ = {isa = PBXFileReference; lastKnownFileType = sourcecode.swift; path = HelloWorldView.swift; sourceTree = "<group>"; };
		E2E43ACD2A4E39A1006ECCF6 /* Assets.xcassets */ = {isa = PBXFileReference; lastKnownFileType = folder.assetcatalog; path = Assets.xcassets; sourceTree = "<group>"; };
		E2E43AD02A4E39A1006ECCF6 /* Preview Assets.xcassets */ = {isa = PBXFileReference; lastKnownFileType = folder.assetcatalog; path = "Preview Assets.xcassets"; sourceTree = "<group>"; };
		E2E43AD92A4E3DAE006ECCF6 /* MainScreen.swift */ = {isa = PBXFileReference; lastKnownFileType = sourcecode.swift; path = MainScreen.swift; sourceTree = "<group>"; };
		E2E43ADB2A4E4455006ECCF6 /* TodayListAppsItemView.swift */ = {isa = PBXFileReference; lastKnownFileType = sourcecode.swift; path = TodayListAppsItemView.swift; sourceTree = "<group>"; };
		E2E43ADD2A4E5087006ECCF6 /* TodayListImageitemView.swift */ = {isa = PBXFileReference; lastKnownFileType = sourcecode.swift; path = TodayListImageitemView.swift; sourceTree = "<group>"; };
		E2E43ADF2A4E5AE4006ECCF6 /* TodayHeaderView.swift */ = {isa = PBXFileReference; lastKnownFileType = sourcecode.swift; path = TodayHeaderView.swift; sourceTree = "<group>"; };
/* End PBXFileReference section */

/* Begin PBXFrameworksBuildPhase section */
		E2E43AC32A4E39A0006ECCF6 /* Frameworks */ = {
			isa = PBXFrameworksBuildPhase;
			buildActionMask = 2147483647;
			files = (
			);
			runOnlyForDeploymentPostprocessing = 0;
		};
/* End PBXFrameworksBuildPhase section */

/* Begin PBXGroup section */
		E2E43ABD2A4E39A0006ECCF6 = {
			isa = PBXGroup;
			children = (
				E2E43AC82A4E39A0006ECCF6 /* AppStoreClone */,
				E2E43AC72A4E39A0006ECCF6 /* Products */,
			);
			sourceTree = "<group>";
		};
		E2E43AC72A4E39A0006ECCF6 /* Products */ = {
			isa = PBXGroup;
			children = (
				E2E43AC62A4E39A0006ECCF6 /* AppStoreClone.app */,
			);
			name = Products;
			sourceTree = "<group>";
		};
		E2E43AC82A4E39A0006ECCF6 /* AppStoreClone */ = {
			isa = PBXGroup;
			children = (
				E2E43AD82A4E3D95006ECCF6 /* Screen */,
				E2E43AD72A4E3C99006ECCF6 /* HelloWorld */,
				E2E43AC92A4E39A0006ECCF6 /* AppStoreCloneApp.swift */,
				E2E43ACD2A4E39A1006ECCF6 /* Assets.xcassets */,
				E2E43ACF2A4E39A1006ECCF6 /* Preview Content */,
			);
			path = AppStoreClone;
			sourceTree = "<group>";
		};
		E2E43ACF2A4E39A1006ECCF6 /* Preview Content */ = {
			isa = PBXGroup;
			children = (
				E2E43AD02A4E39A1006ECCF6 /* Preview Assets.xcassets */,
			);
			path = "Preview Content";
			sourceTree = "<group>";
		};
		E2E43AD72A4E3C99006ECCF6 /* HelloWorld */ = {
			isa = PBXGroup;
			children = (
				E2E43ACB2A4E39A0006ECCF6 /* HelloWorldView.swift */,
			);
			path = HelloWorld;
			sourceTree = "<group>";
		};
		E2E43AD82A4E3D95006ECCF6 /* Screen */ = {
			isa = PBXGroup;
			children = (
				E2E43AD92A4E3DAE006ECCF6 /* MainScreen.swift */,
				E2E43ADB2A4E4455006ECCF6 /* TodayListAppsItemView.swift */,
				E2E43ADD2A4E5087006ECCF6 /* TodayListImageitemView.swift */,
				E2E43ADF2A4E5AE4006ECCF6 /* TodayHeaderView.swift */,
				E2C8E64E2A5C080A00294168 /* TodayDetailView.swift */,
			);
			path = Screen;
			sourceTree = "<group>";
		};
/* End PBXGroup section */

/* Begin PBXNativeTarget section */
		E2E43AC52A4E39A0006ECCF6 /* AppStoreClone */ = {
			isa = PBXNativeTarget;
			buildConfigurationList = E2E43AD42A4E39A1006ECCF6 /* Build configuration list for PBXNativeTarget "AppStoreClone" */;
			buildPhases = (
				E2E43AC22A4E39A0006ECCF6 /* Sources */,
				E2E43AC32A4E39A0006ECCF6 /* Frameworks */,
				E2E43AC42A4E39A0006ECCF6 /* Resources */,
			);
			buildRules = (
			);
			dependencies = (
			);
			name = AppStoreClone;
			productName = AppStoreClone;
			productReference = E2E43AC62A4E39A0006ECCF6 /* AppStoreClone.app */;
			productType = "com.apple.product-type.application";
		};
/* End PBXNativeTarget section */

/* Begin PBXProject section */
		E2E43ABE2A4E39A0006ECCF6 /* Project object */ = {
			isa = PBXProject;
			attributes = {
				BuildIndependentTargetsInParallel = 1;
				LastSwiftUpdateCheck = 1430;
				LastUpgradeCheck = 1430;
				TargetAttributes = {
					E2E43AC52A4E39A0006ECCF6 = {
						CreatedOnToolsVersion = 14.3;
					};
				};
			};
			buildConfigurationList = E2E43AC12A4E39A0006ECCF6 /* Build configuration list for PBXProject "AppStoreClone" */;
			compatibilityVersion = "Xcode 14.0";
			developmentRegion = en;
			hasScannedForEncodings = 0;
			knownRegions = (
				en,
				Base,
			);
			mainGroup = E2E43ABD2A4E39A0006ECCF6;
			productRefGroup = E2E43AC72A4E39A0006ECCF6 /* Products */;
			projectDirPath = "";
			projectRoot = "";
			targets = (
				E2E43AC52A4E39A0006ECCF6 /* AppStoreClone */,
			);
		};
/* End PBXProject section */

/* Begin PBXResourcesBuildPhase section */
		E2E43AC42A4E39A0006ECCF6 /* Resources */ = {
			isa = PBXResourcesBuildPhase;
			buildActionMask = 2147483647;
			files = (
				E2E43AD12A4E39A1006ECCF6 /* Preview Assets.xcassets in Resources */,
				E2E43ACE2A4E39A1006ECCF6 /* Assets.xcassets in Resources */,
			);
			runOnlyForDeploymentPostprocessing = 0;
		};
/* End PBXResourcesBuildPhase section */

/* Begin PBXSourcesBuildPhase section */
		E2E43AC22A4E39A0006ECCF6 /* Sources */ = {
			isa = PBXSourcesBuildPhase;
			buildActionMask = 2147483647;
			files = (
				E2E43ADA2A4E3DAE006ECCF6 /* MainScreen.swift in Sources */,
				E2C8E64F2A5C080A00294168 /* TodayDetailView.swift in Sources */,
				E2E43AE02A4E5AE4006ECCF6 /* TodayHeaderView.swift in Sources */,
				E2E43ADC2A4E4455006ECCF6 /* TodayListAppsItemView.swift in Sources */,
				E2E43ACC2A4E39A0006ECCF6 /* HelloWorldView.swift in Sources */,
				E2E43ACA2A4E39A0006ECCF6 /* AppStoreCloneApp.swift in Sources */,
				E2E43ADE2A4E5087006ECCF6 /* TodayListImageitemView.swift in Sources */,
			);
			runOnlyForDeploymentPostprocessing = 0;
		};
/* End PBXSourcesBuildPhase section */

/* Begin XCBuildConfiguration section */
		E2E43AD22A4E39A1006ECCF6 /* Debug */ = {
			isa = XCBuildConfiguration;
			buildSettings = {
				ALWAYS_SEARCH_USER_PATHS = NO;
				CLANG_ANALYZER_NONNULL = YES;
				CLANG_ANALYZER_NUMBER_OBJECT_CONVERSION = YES_AGGRESSIVE;
				CLANG_CXX_LANGUAGE_STANDARD = "gnu++20";
				CLANG_ENABLE_MODULES = YES;
				CLANG_ENABLE_OBJC_ARC = YES;
				CLANG_ENABLE_OBJC_WEAK = YES;
				CLANG_WARN_BLOCK_CAPTURE_AUTORELEASING = YES;
				CLANG_WARN_BOOL_CONVERSION = YES;
				CLANG_WARN_COMMA = YES;
				CLANG_WARN_CONSTANT_CONVERSION = YES;
				CLANG_WARN_DEPRECATED_OBJC_IMPLEMENTATIONS = YES;
				CLANG_WARN_DIRECT_OBJC_ISA_USAGE = YES_ERROR;
				CLANG_WARN_DOCUMENTATION_COMMENTS = YES;
				CLANG_WARN_EMPTY_BODY = YES;
				CLANG_WARN_ENUM_CONVERSION = YES;
				CLANG_WARN_INFINITE_RECURSION = YES;
				CLANG_WARN_INT_CONVERSION = YES;
				CLANG_WARN_NON_LITERAL_NULL_CONVERSION = YES;
				CLANG_WARN_OBJC_IMPLICIT_RETAIN_SELF = YES;
				CLANG_WARN_OBJC_LITERAL_CONVERSION = YES;
				CLANG_WARN_OBJC_ROOT_CLASS = YES_ERROR;
				CLANG_WARN_QUOTED_INCLUDE_IN_FRAMEWORK_HEADER = YES;
				CLANG_WARN_RANGE_LOOP_ANALYSIS = YES;
				CLANG_WARN_STRICT_PROTOTYPES = YES;
				CLANG_WARN_SUSPICIOUS_MOVE = YES;
				CLANG_WARN_UNGUARDED_AVAILABILITY = YES_AGGRESSIVE;
				CLANG_WARN_UNREACHABLE_CODE = YES;
				CLANG_WARN__DUPLICATE_METHOD_MATCH = YES;
				COPY_PHASE_STRIP = NO;
				DEBUG_INFORMATION_FORMAT = dwarf;
				ENABLE_STRICT_OBJC_MSGSEND = YES;
				ENABLE_TESTABILITY = YES;
				GCC_C_LANGUAGE_STANDARD = gnu11;
				GCC_DYNAMIC_NO_PIC = NO;
				GCC_NO_COMMON_BLOCKS = YES;
				GCC_OPTIMIZATION_LEVEL = 0;
				GCC_PREPROCESSOR_DEFINITIONS = (
					"DEBUG=1",
					"$(inherited)",
				);
				GCC_WARN_64_TO_32_BIT_CONVERSION = YES;
				GCC_WARN_ABOUT_RETURN_TYPE = YES_ERROR;
				GCC_WARN_UNDECLARED_SELECTOR = YES;
				GCC_WARN_UNINITIALIZED_AUTOS = YES_AGGRESSIVE;
				GCC_WARN_UNUSED_FUNCTION = YES;
				GCC_WARN_UNUSED_VARIABLE = YES;
				IPHONEOS_DEPLOYMENT_TARGET = 16.4;
				MTL_ENABLE_DEBUG_INFO = INCLUDE_SOURCE;
				MTL_FAST_MATH = YES;
				ONLY_ACTIVE_ARCH = YES;
				SDKROOT = iphoneos;
				SWIFT_ACTIVE_COMPILATION_CONDITIONS = DEBUG;
				SWIFT_OPTIMIZATION_LEVEL = "-Onone";
			};
			name = Debug;
		};
		E2E43AD32A4E39A1006ECCF6 /* Release */ = {
			isa = XCBuildConfiguration;
			buildSettings = {
				ALWAYS_SEARCH_USER_PATHS = NO;
				CLANG_ANALYZER_NONNULL = YES;
				CLANG_ANALYZER_NUMBER_OBJECT_CONVERSION = YES_AGGRESSIVE;
				CLANG_CXX_LANGUAGE_STANDARD = "gnu++20";
				CLANG_ENABLE_MODULES = YES;
				CLANG_ENABLE_OBJC_ARC = YES;
				CLANG_ENABLE_OBJC_WEAK = YES;
				CLANG_WARN_BLOCK_CAPTURE_AUTORELEASING = YES;
				CLANG_WARN_BOOL_CONVERSION = YES;
				CLANG_WARN_COMMA = YES;
				CLANG_WARN_CONSTANT_CONVERSION = YES;
				CLANG_WARN_DEPRECATED_OBJC_IMPLEMENTATIONS = YES;
				CLANG_WARN_DIRECT_OBJC_ISA_USAGE = YES_ERROR;
				CLANG_WARN_DOCUMENTATION_COMMENTS = YES;
				CLANG_WARN_EMPTY_BODY = YES;
				CLANG_WARN_ENUM_CONVERSION = YES;
				CLANG_WARN_INFINITE_RECURSION = YES;
				CLANG_WARN_INT_CONVERSION = YES;
				CLANG_WARN_NON_LITERAL_NULL_CONVERSION = YES;
				CLANG_WARN_OBJC_IMPLICIT_RETAIN_SELF = YES;
				CLANG_WARN_OBJC_LITERAL_CONVERSION = YES;
				CLANG_WARN_OBJC_ROOT_CLASS = YES_ERROR;
				CLANG_WARN_QUOTED_INCLUDE_IN_FRAMEWORK_HEADER = YES;
				CLANG_WARN_RANGE_LOOP_ANALYSIS = YES;
				CLANG_WARN_STRICT_PROTOTYPES = YES;
				CLANG_WARN_SUSPICIOUS_MOVE = YES;
				CLANG_WARN_UNGUARDED_AVAILABILITY = YES_AGGRESSIVE;
				CLANG_WARN_UNREACHABLE_CODE = YES;
				CLANG_WARN__DUPLICATE_METHOD_MATCH = YES;
				COPY_PHASE_STRIP = NO;
				DEBUG_INFORMATION_FORMAT = "dwarf-with-dsym";
				ENABLE_NS_ASSERTIONS = NO;
				ENABLE_STRICT_OBJC_MSGSEND = YES;
				GCC_C_LANGUAGE_STANDARD = gnu11;
				GCC_NO_COMMON_BLOCKS = YES;
				GCC_WARN_64_TO_32_BIT_CONVERSION = YES;
				GCC_WARN_ABOUT_RETURN_TYPE = YES_ERROR;
				GCC_WARN_UNDECLARED_SELECTOR = YES;
				GCC_WARN_UNINITIALIZED_AUTOS = YES_AGGRESSIVE;
				GCC_WARN_UNUSED_FUNCTION = YES;
				GCC_WARN_UNUSED_VARIABLE = YES;
				IPHONEOS_DEPLOYMENT_TARGET = 16.4;
				MTL_ENABLE_DEBUG_INFO = NO;
				MTL_FAST_MATH = YES;
				SDKROOT = iphoneos;
				SWIFT_COMPILATION_MODE = wholemodule;
				SWIFT_OPTIMIZATION_LEVEL = "-O";
				VALIDATE_PRODUCT = YES;
			};
			name = Release;
		};
		E2E43AD52A4E39A1006ECCF6 /* Debug */ = {
			isa = XCBuildConfiguration;
			buildSettings = {
				ASSETCATALOG_COMPILER_APPICON_NAME = AppIcon;
				ASSETCATALOG_COMPILER_GLOBAL_ACCENT_COLOR_NAME = AccentColor;
				CODE_SIGN_STYLE = Automatic;
				CURRENT_PROJECT_VERSION = 1;
				DEVELOPMENT_ASSET_PATHS = "\"AppStoreClone/Preview Content\"";
				DEVELOPMENT_TEAM = B825Q6Y75U;
				ENABLE_PREVIEWS = YES;
				GENERATE_INFOPLIST_FILE = YES;
				INFOPLIST_KEY_UIApplicationSceneManifest_Generation = YES;
				INFOPLIST_KEY_UIApplicationSupportsIndirectInputEvents = YES;
				INFOPLIST_KEY_UILaunchScreen_Generation = YES;
				INFOPLIST_KEY_UISupportedInterfaceOrientations_iPad = "UIInterfaceOrientationPortrait UIInterfaceOrientationPortraitUpsideDown UIInterfaceOrientationLandscapeLeft UIInterfaceOrientationLandscapeRight";
				INFOPLIST_KEY_UISupportedInterfaceOrientations_iPhone = "UIInterfaceOrientationPortrait UIInterfaceOrientationLandscapeLeft UIInterfaceOrientationLandscapeRight";
				LD_RUNPATH_SEARCH_PATHS = (
					"$(inherited)",
					"@executable_path/Frameworks",
				);
				MARKETING_VERSION = 1.0;
				PRODUCT_BUNDLE_IDENTIFIER = kntk.AppStoreClone;
				PRODUCT_NAME = "$(TARGET_NAME)";
				SWIFT_EMIT_LOC_STRINGS = YES;
				SWIFT_VERSION = 5.0;
				TARGETED_DEVICE_FAMILY = "1,2";
			};
			name = Debug;
		};
		E2E43AD62A4E39A1006ECCF6 /* Release */ = {
			isa = XCBuildConfiguration;
			buildSettings = {
				ASSETCATALOG_COMPILER_APPICON_NAME = AppIcon;
				ASSETCATALOG_COMPILER_GLOBAL_ACCENT_COLOR_NAME = AccentColor;
				CODE_SIGN_STYLE = Automatic;
				CURRENT_PROJECT_VERSION = 1;
				DEVELOPMENT_ASSET_PATHS = "\"AppStoreClone/Preview Content\"";
				DEVELOPMENT_TEAM = B825Q6Y75U;
				ENABLE_PREVIEWS = YES;
				GENERATE_INFOPLIST_FILE = YES;
				INFOPLIST_KEY_UIApplicationSceneManifest_Generation = YES;
				INFOPLIST_KEY_UIApplicationSupportsIndirectInputEvents = YES;
				INFOPLIST_KEY_UILaunchScreen_Generation = YES;
				INFOPLIST_KEY_UISupportedInterfaceOrientations_iPad = "UIInterfaceOrientationPortrait UIInterfaceOrientationPortraitUpsideDown UIInterfaceOrientationLandscapeLeft UIInterfaceOrientationLandscapeRight";
				INFOPLIST_KEY_UISupportedInterfaceOrientations_iPhone = "UIInterfaceOrientationPortrait UIInterfaceOrientationLandscapeLeft UIInterfaceOrientationLandscapeRight";
				LD_RUNPATH_SEARCH_PATHS = (
					"$(inherited)",
					"@executable_path/Frameworks",
				);
				MARKETING_VERSION = 1.0;
				PRODUCT_BUNDLE_IDENTIFIER = kntk.AppStoreClone;
				PRODUCT_NAME = "$(TARGET_NAME)";
				SWIFT_EMIT_LOC_STRINGS = YES;
				SWIFT_VERSION = 5.0;
				TARGETED_DEVICE_FAMILY = "1,2";
			};
			name = Release;
		};
/* End XCBuildConfiguration section */

/* Begin XCConfigurationList section */
		E2E43AC12A4E39A0006ECCF6 /* Build configuration list for PBXProject "AppStoreClone" */ = {
			isa = XCConfigurationList;
			buildConfigurations = (
				E2E43AD22A4E39A1006ECCF6 /* Debug */,
				E2E43AD32A4E39A1006ECCF6 /* Release */,
			);
			defaultConfigurationIsVisible = 0;
			defaultConfigurationName = Release;
		};
		E2E43AD42A4E39A1006ECCF6 /* Build configuration list for PBXNativeTarget "AppStoreClone" */ = {
			isa = XCConfigurationList;
			buildConfigurations = (
				E2E43AD52A4E39A1006ECCF6 /* Debug */,
				E2E43AD62A4E39A1006ECCF6 /* Release */,
			);
			defaultConfigurationIsVisible = 0;
			defaultConfigurationName = Release;
		};
/* End XCConfigurationList section */
	};
	rootObject = E2E43ABE2A4E39A0006ECCF6 /* Project object */;
}
